
Microsoft Visual Studio Solution File, Format Version 12.00
# Visual Studio 15
VisualStudioVersion = 15.0.28307.572
MinimumVisualStudioVersion = 10.0.40219.1
Project("{FAE04EC0-301F-11D3-BF4B-00C04F79EFBC}") = "WindowsShooterGame", "WindowsShooterGame\WindowsShooterGame.csproj", "{76A48002-9BC5-4FF7-BECE-76BFA11FE966}"
EndProject
Global
	GlobalSection(SolutionConfigurationPlatforms) = preSolution
		Debug|x86 = Debug|x86
		Release|x86 = Release|x86
	EndGlobalSection
	GlobalSection(ProjectConfigurationPlatforms) = postSolution
		{76A48002-9BC5-4FF7-BECE-76BFA11FE966}.Debug|x86.ActiveCfg = Debug|x86
		{76A48002-9BC5-4FF7-BECE-76BFA11FE966}.Debug|x86.Build.0 = Debug|x86
		{76A48002-9BC5-4FF7-BECE-76BFA11FE966}.Release|x86.ActiveCfg = Release|x86
		{76A48002-9BC5-4FF7-BECE-76BFA11FE966}.Release|x86.Build.0 = Release|x86
	EndGlobalSection
	GlobalSection(SolutionProperties) = preSolution
		HideSolutionNode = FALSE
	EndGlobalSection
	GlobalSection(ExtensibilityGlobals) = postSolution
		SolutionGuid = {FC946378-B17B-4498-A486-4205662D6AC3}
	EndGlobalSection
EndGlobal
